lockfileVersion: '9.0'

settings:
  autoInstallPeers: false
  excludeLinksFromLockfile: false

importers:

  .:
    dependencies:
      '@deepseek-ai/schemastery':
        specifier: 3.18.5-alpha.1
        version: 3.18.5-alpha.1
      zod:
        specifier: 4.6.5
        version: 4.6.5

packages:

  '@deepseek-ai/cosmokit@1.8.6-alpha.1':
    resolution: {integrity: sha512-qtuYVBRu7VrD1jLHvaM5sSShtBVgff/0R5vx57fsHUeeobvvv5TmtnTrs0+h4H263kF3ie25VO70Ija8R1eaow==}

  '@deepseek-ai/schemastery@3.18.5-alpha.1':
    resolution: {integrity: sha512-HojoBv1wMQn6N8nDgTgWbc/f4EFAlg/ZsIYN2AChnEDoFOmcWd3+MDzhozNffmywywzV7pcouHRR4x37YZfcjA==}

  '@standard-schema/spec@1.1.0':
    resolution: {integrity: sha512-l2aFy5jALhniG5HgqrD6jXLi/rUWrKvqN/qJx6yoJsgKhblVd+iqqU4RCXavm/jPityDo5TCvKMnpjKnOriy0w==}

  zod@4.6.5:
    resolution: {integrity: sha512-v5l/aFXZQeai4awLbOpSoHecE9UiMrnfx75tEXLjNonXVARxQ5mOeipTjROUchszUNCqnE+hqAMujRsRHsut2Q==}

snapshots:

  '@deepseek-ai/cosmokit@1.8.6-alpha.1': {}

  '@deepseek-ai/schemastery@3.18.5-alpha.1':
    dependencies:
      '@deepseek-ai/cosmokit': 1.8.6-alpha.1
      '@standard-schema/spec': 1.1.0

  '@standard-schema/spec@1.1.0': {}

  zod@4.6.5: {}
